
Microsoft Visual Studio Solution File, Format Version 12.00
# Visual Studio 15
VisualStudioVersion = 15.0.27703.2018
MinimumVisualStudioVersion = 10.0.40219.1
Project("{9A19103F-16F7-4668-BE54-9A1E7A4F7556}") = "KRUNCH.UnitTest", "UnitTest.KRUNCH\KRUNCH.UnitTest.csproj", "{37C42590-4939-4B4E-B819-4952A99A9380}"
EndProject
Project("{9A19103F-16F7-4668-BE54-9A1E7A4F7556}") = "KRUNCH.DomainLogic", "DomainLogic\KRUNCH.DomainLogic.csproj", "{6EC4C955-22EF-4A10-867B-7543F1D2B7F0}"
EndProject
Project("{FAE04EC0-301F-11D3-BF4B-00C04F79EFBC}") = "KRUNCH.Commander", "KRUNCH.Commander\KRUNCH.Commander.csproj", "{925C5DAB-3476-4F75-81FF-3C2C3B9B6D92}"
EndProject
Global
	GlobalSection(SolutionConfigurationPlatforms) = preSolution
		Debug|Any CPU = Debug|Any CPU
		Release|Any CPU = Release|Any CPU
	EndGlobalSection
	GlobalSection(ProjectConfigurationPlatforms) = postSolution
		{37C42590-4939-4B4E-B819-4952A99A9380}.Debug|Any CPU.ActiveCfg = Debug|Any CPU
		{37C42590-4939-4B4E-B819-4952A99A9380}.Debug|Any CPU.Build.0 = Debug|Any CPU
		{37C42590-4939-4B4E-B819-4952A99A9380}.Release|Any CPU.ActiveCfg = Release|Any CPU
		{37C42590-4939-4B4E-B819-4952A99A9380}.Release|Any CPU.Build.0 = Release|Any CPU
		{6EC4C955-22EF-4A10-867B-7543F1D2B7F0}.Debug|Any CPU.ActiveCfg = Debug|Any CPU
		{6EC4C955-22EF-4A10-867B-7543F1D2B7F0}.Debug|Any CPU.Build.0 = Debug|Any CPU
		{6EC4C955-22EF-4A10-867B-7543F1D2B7F0}.Release|Any CPU.ActiveCfg = Release|Any CPU
		{6EC4C955-22EF-4A10-867B-7543F1D2B7F0}.Release|Any CPU.Build.0 = Release|Any CPU
		{925C5DAB-3476-4F75-81FF-3C2C3B9B6D92}.Debug|Any CPU.ActiveCfg = Debug|Any CPU
		{925C5DAB-3476-4F75-81FF-3C2C3B9B6D92}.Debug|Any CPU.Build.0 = Debug|Any CPU
		{925C5DAB-3476-4F75-81FF-3C2C3B9B6D92}.Release|Any CPU.ActiveCfg = Release|Any CPU
		{925C5DAB-3476-4F75-81FF-3C2C3B9B6D92}.Release|Any CPU.Build.0 = Release|Any CPU
	EndGlobalSection
	GlobalSection(SolutionProperties) = preSolution
		HideSolutionNode = FALSE
	EndGlobalSection
	GlobalSection(ExtensibilityGlobals) = postSolution
		SolutionGuid = {132BCA46-105C-4318-BC5E-D56FDAFC285B}
	EndGlobalSection
EndGlobal
